
Microsoft Visual Studio Solution File, Format Version 12.00
# Visual Studio Version 16
VisualStudioVersion = 16.0.33423.256
MinimumVisualStudioVersion = 10.0.40219.1
Project("{FAE04EC0-301F-11D3-BF4B-00C04F79EFBC}") = "TUGAS TAXI", "TUGAS TAXI\TUGAS TAXI.csproj", "{ABDA2779-D966-46D0-9B2F-8E9E843CE8FE}"
EndProject
Global
	GlobalSection(SolutionConfigurationPlatforms) = preSolution
		Debug|Any CPU = Debug|Any CPU
		Release|Any CPU = Release|Any CPU
	EndGlobalSection
	GlobalSection(ProjectConfigurationPlatforms) = postSolution
		{ABDA2779-D966-46D0-9B2F-8E9E843CE8FE}.Debug|Any CPU.ActiveCfg = Debug|Any CPU
		{ABDA2779-D966-46D0-9B2F-8E9E843CE8FE}.Debug|Any CPU.Build.0 = Debug|Any CPU
		{ABDA2779-D966-46D0-9B2F-8E9E843CE8FE}.Release|Any CPU.ActiveCfg = Release|Any CPU
		{ABDA2779-D966-46D0-9B2F-8E9E843CE8FE}.Release|Any CPU.Build.0 = Release|Any CPU
	EndGlobalSection
	GlobalSection(SolutionProperties) = preSolution
		HideSolutionNode = FALSE
	EndGlobalSection
	GlobalSection(ExtensibilityGlobals) = postSolution
		SolutionGuid = {B5386BD3-972E-42FC-BB60-DFA6444DB93E}
	EndGlobalSection
EndGlobal
